
Microsoft Visual Studio Solution File, Format Version 12.00
# Visual Studio Version 17
VisualStudioVersion = 17.8.34330.188
MinimumVisualStudioVersion = 10.0.40219.1
Project("{FAE04EC0-301F-11D3-BF4B-00C04F79EFBC}") = "Dice Game", "Dice Game.csproj", "{0A87FA96-456D-4C2F-8607-FA009AF3E107}"
EndProject
Global
	GlobalSection(SolutionConfigurationPlatforms) = preSolution
		Debug|Any CPU = Debug|Any CPU
		Release|Any CPU = Release|Any CPU
	EndGlobalSection
	GlobalSection(ProjectConfigurationPlatforms) = postSolution
		{0A87FA96-456D-4C2F-8607-FA009AF3E107}.Debug|Any CPU.ActiveCfg = Debug|Any CPU
		{0A87FA96-456D-4C2F-8607-FA009AF3E107}.Debug|Any CPU.Build.0 = Debug|Any CPU
		{0A87FA96-456D-4C2F-8607-FA009AF3E107}.Release|Any CPU.ActiveCfg = Release|Any CPU
		{0A87FA96-456D-4C2F-8607-FA009AF3E107}.Release|Any CPU.Build.0 = Release|Any CPU
	EndGlobalSection
	GlobalSection(SolutionProperties) = preSolution
		HideSolutionNode = FALSE
	EndGlobalSection
	GlobalSection(ExtensibilityGlobals) = postSolution
		SolutionGuid = {C7EBF044-43DB-4ACC-92E3-E83D0C09639E}
	EndGlobalSection
EndGlobal
